schema: '2.0'
stages:
  filter:
    cmd: python filter.py
    deps:
    - path: filter.py
      md5: 59aa6533269fe9bd3aae201e2ce6effe
      size: 611
    - path: kaggle-merged-data/GlobalLand-MainTemperatures.csv
      md5: 9eef2b1eabad95a763fbc149dde7dab5
      size: 14588
    params:
      params.yaml:
        filter.value: 20
    outs:
    - path: output/filter
      md5: 8493bab25b6e9de99e6349627aebbf03.dir
      size: 457
      nfiles: 1
  training:
    cmd: python training.py output/filter
    deps:
    - path: kaggle-merged-data/GlobalLand-MainTemperatures.csv
      md5: 9eef2b1eabad95a763fbc149dde7dab5
      size: 14588
    - path: output/filter
      md5: 8493bab25b6e9de99e6349627aebbf03.dir
      size: 457
      nfiles: 1
    - path: training.py
      md5: f7f89f6f1f517adb1e179aba81f15bd7
      size: 661
    params:
      params.yaml:
        training.num_rows: 3
    outs:
    - path: output/training
      md5: 39b1361eb2c8a55fb78268efdce2db4d.dir
      size: 18
      nfiles: 1
